
Microsoft Visual Studio Solution File, Format Version 12.00
# Visual Studio Version 16
VisualStudioVersion = 16.0.32630.194
MinimumVisualStudioVersion = 10.0.40219.1
Project("{FAE04EC0-301F-11D3-BF4B-00C04F79EFBC}") = "Smart House", "Smart House.csproj", "{42CFABA6-D92E-4FFF-86A7-F92A37DDE4FB}"
EndProject
Global
	GlobalSection(SolutionConfigurationPlatforms) = preSolution
		Debug|Any CPU = Debug|Any CPU
		Release|Any CPU = Release|Any CPU
	EndGlobalSection
	GlobalSection(ProjectConfigurationPlatforms) = postSolution
		{42CFABA6-D92E-4FFF-86A7-F92A37DDE4FB}.Debug|Any CPU.ActiveCfg = Debug|Any CPU
		{42CFABA6-D92E-4FFF-86A7-F92A37DDE4FB}.Debug|Any CPU.Build.0 = Debug|Any CPU
		{42CFABA6-D92E-4FFF-86A7-F92A37DDE4FB}.Release|Any CPU.ActiveCfg = Release|Any CPU
		{42CFABA6-D92E-4FFF-86A7-F92A37DDE4FB}.Release|Any CPU.Build.0 = Release|Any CPU
	EndGlobalSection
	GlobalSection(SolutionProperties) = preSolution
		HideSolutionNode = FALSE
	EndGlobalSection
	GlobalSection(ExtensibilityGlobals) = postSolution
		SolutionGuid = {5E7A1042-898C-4E50-893E-060132A894DC}
	EndGlobalSection
EndGlobal
